
Microsoft Visual Studio Solution File, Format Version 12.00
# Visual Studio Version 17
VisualStudioVersion = 17.7.34031.279
MinimumVisualStudioVersion = 10.0.40219.1
Project("{FAE04EC0-301F-11D3-BF4B-00C04F79EFBC}") = "Methords", "Methords\Methords.csproj", "{0E294BEE-725C-4216-B5B2-18B3A706FFA5}"
EndProject
Global
	GlobalSection(SolutionConfigurationPlatforms) = preSolution
		Debug|Any CPU = Debug|Any CPU
		Release|Any CPU = Release|Any CPU
	EndGlobalSection
	GlobalSection(ProjectConfigurationPlatforms) = postSolution
		{0E294BEE-725C-4216-B5B2-18B3A706FFA5}.Debug|Any CPU.ActiveCfg = Debug|Any CPU
		{0E294BEE-725C-4216-B5B2-18B3A706FFA5}.Debug|Any CPU.Build.0 = Debug|Any CPU
		{0E294BEE-725C-4216-B5B2-18B3A706FFA5}.Release|Any CPU.ActiveCfg = Release|Any CPU
		{0E294BEE-725C-4216-B5B2-18B3A706FFA5}.Release|Any CPU.Build.0 = Release|Any CPU
	EndGlobalSection
	GlobalSection(SolutionProperties) = preSolution
		HideSolutionNode = FALSE
	EndGlobalSection
	GlobalSection(ExtensibilityGlobals) = postSolution
		SolutionGuid = {EAA990B2-5CD8-45F7-A442-33162EAF6C6C}
	EndGlobalSection
EndGlobal
